
Microsoft Visual Studio Solution File, Format Version 12.00
# Visual Studio 15
VisualStudioVersion = 15.0.26730.16
MinimumVisualStudioVersion = 10.0.40219.1
Project("{FAE04EC0-301F-11D3-BF4B-00C04F79EFBC}") = "efiboot", "efiboot.csproj", "{2EAA2378-F1BD-4F08-A707-B7F1D8C6A113}"
EndProject
Global
	GlobalSection(SolutionConfigurationPlatforms) = preSolution
		Debug|Any CPU = Debug|Any CPU
		Release|Any CPU = Release|Any CPU
	EndGlobalSection
	GlobalSection(ProjectConfigurationPlatforms) = postSolution
		{2EAA2378-F1BD-4F08-A707-B7F1D8C6A113}.Debug|Any CPU.ActiveCfg = Debug|Any CPU
		{2EAA2378-F1BD-4F08-A707-B7F1D8C6A113}.Debug|Any CPU.Build.0 = Debug|Any CPU
		{2EAA2378-F1BD-4F08-A707-B7F1D8C6A113}.Release|Any CPU.ActiveCfg = Release|Any CPU
		{2EAA2378-F1BD-4F08-A707-B7F1D8C6A113}.Release|Any CPU.Build.0 = Release|Any CPU
	EndGlobalSection
	GlobalSection(SolutionProperties) = preSolution
		HideSolutionNode = FALSE
	EndGlobalSection
	GlobalSection(ExtensibilityGlobals) = postSolution
		SolutionGuid = {A7C3276D-DD81-4039-B760-219E36EB7A11}
	EndGlobalSection
EndGlobal
